
Microsoft Visual Studio Solution File, Format Version 12.00
# Visual Studio 15
VisualStudioVersion = 15.0.27428.2005
MinimumVisualStudioVersion = 10.0.40219.1
Project("{FAE04EC0-301F-11D3-BF4B-00C04F79EFBC}") = "SqlGen.Core", "SqlGen.Core\SqlGen.Core.csproj", "{E27BC19F-1D68-46CE-BB3B-4B5D42C08676}"
EndProject
Project("{FAE04EC0-301F-11D3-BF4B-00C04F79EFBC}") = "SqlGen.Infrastructure.SqlQueryEngine", "SqlGen.SqlQueryEngine\SqlGen.Infrastructure.SqlQueryEngine.csproj", "{CAD60A6C-9C3E-4006-9B48-E299D6DF8B3C}"
EndProject
Project("{FAE04EC0-301F-11D3-BF4B-00C04F79EFBC}") = "Metaproject.Common", "Metaproject.Common\Metaproject.Common.csproj", "{EE2480F8-5793-4BF2-A263-96AADC5ED2F5}"
EndProject
Project("{FAE04EC0-301F-11D3-BF4B-00C04F79EFBC}") = "SqlGen.Infrastructure.Autofac", "SqlGen.Infrastructure.Autofac\SqlGen.Infrastructure.Autofac.csproj", "{6FCBFE3F-2433-4662-A06C-7D03BF425251}"
EndProject
Project("{FAE04EC0-301F-11D3-BF4B-00C04F79EFBC}") = "SqlGen.Test.IntegrationTests", "SqlGen.Test.IntegrationTests\SqlGen.Test.IntegrationTests.csproj", "{8935CF11-1B16-45DC-A454-A0DA07C44E6D}"
EndProject
Project("{FAE04EC0-301F-11D3-BF4B-00C04F79EFBC}") = "SqlGen.Presentation.Desktop", "SqlGen.Presentation.Desktop\SqlGen.Presentation.Desktop.csproj", "{7353C6E6-0955-4AFD-A403-12734A497868}"
EndProject
Project("{FAE04EC0-301F-11D3-BF4B-00C04F79EFBC}") = "SqlGen.Test.UnitTests", "SqlGen.Test.UnitTests\SqlGen.Test.UnitTests.csproj", "{F93EE982-304F-4B17-883B-393648D0CE64}"
EndProject
Project("{2150E333-8FDC-42A3-9474-1A3956D46DE8}") = "Test", "Test", "{8A3D6757-153A-4328-8388-EC0D53325D21}"
EndProject
Project("{2150E333-8FDC-42A3-9474-1A3956D46DE8}") = "Presentation", "Presentation", "{01D99B80-9C9C-45AA-8D20-C9F2E8FA5AFE}"
EndProject
Project("{2150E333-8FDC-42A3-9474-1A3956D46DE8}") = "Core", "Core", "{9EB6C453-D816-427F-9245-F4ACCC4C6367}"
EndProject
Project("{2150E333-8FDC-42A3-9474-1A3956D46DE8}") = "Infrastructure", "Infrastructure", "{56C3CFD9-6CD8-476B-A4F1-435354343183}"
EndProject
Project("{FAE04EC0-301F-11D3-BF4B-00C04F79EFBC}") = "WinFormsUI", "SqlGen.Presentation\WinFormsUI\WinFormsUI.csproj", "{C75532C4-765B-418E-B09B-46D36B2ABDB1}"
EndProject
Project("{FAE04EC0-301F-11D3-BF4B-00C04F79EFBC}") = "SqlGen.Presentation.WinFormsUI", "SqlGen.Presentation\DockSample\SqlGen.Presentation.WinFormsUI.csproj", "{40793A27-478B-4357-B4C3-FC8943131F3D}"
EndProject
Project("{FAE04EC0-301F-11D3-BF4B-00C04F79EFBC}") = "ThemeVS2015", "SqlGen.Presentation\WinFormsUI\ThemeVS2015.csproj", "{007D4AC8-948F-4816-86AD-B9D1343672C1}"
EndProject
Project("{2150E333-8FDC-42A3-9474-1A3956D46DE8}") = "Dependencies", "Dependencies", "{3853A4DD-5B5C-4ACF-ADA5-6925F196AD2C}"
EndProject
Global
	GlobalSection(SolutionConfigurationPlatforms) = preSolution
		Debug|Any CPU = Debug|Any CPU
		Release|Any CPU = Release|Any CPU
	EndGlobalSection
	GlobalSection(ProjectConfigurationPlatforms) = postSolution
		{E27BC19F-1D68-46CE-BB3B-4B5D42C08676}.Debug|Any CPU.ActiveCfg = Debug|Any CPU
		{E27BC19F-1D68-46CE-BB3B-4B5D42C08676}.Debug|Any CPU.Build.0 = Debug|Any CPU
		{E27BC19F-1D68-46CE-BB3B-4B5D42C08676}.Release|Any CPU.ActiveCfg = Release|Any CPU
		{E27BC19F-1D68-46CE-BB3B-4B5D42C08676}.Release|Any CPU.Build.0 = Release|Any CPU
		{CAD60A6C-9C3E-4006-9B48-E299D6DF8B3C}.Debug|Any CPU.ActiveCfg = Debug|Any CPU
		{CAD60A6C-9C3E-4006-9B48-E299D6DF8B3C}.Debug|Any CPU.Build.0 = Debug|Any CPU
		{CAD60A6C-9C3E-4006-9B48-E299D6DF8B3C}.Release|Any CPU.ActiveCfg = Release|Any CPU
		{CAD60A6C-9C3E-4006-9B48-E299D6DF8B3C}.Release|Any CPU.Build.0 = Release|Any CPU
		{EE2480F8-5793-4BF2-A263-96AADC5ED2F5}.Debug|Any CPU.ActiveCfg = Debug|Any CPU
		{EE2480F8-5793-4BF2-A263-96AADC5ED2F5}.Debug|Any CPU.Build.0 = Debug|Any CPU
		{EE2480F8-5793-4BF2-A263-96AADC5ED2F5}.Release|Any CPU.ActiveCfg = Release|Any CPU
		{EE2480F8-5793-4BF2-A263-96AADC5ED2F5}.Release|Any CPU.Build.0 = Release|Any CPU
		{6FCBFE3F-2433-4662-A06C-7D03BF425251}.Debug|Any CPU.ActiveCfg = Debug|Any CPU
		{6FCBFE3F-2433-4662-A06C-7D03BF425251}.Debug|Any CPU.Build.0 = Debug|Any CPU
		{6FCBFE3F-2433-4662-A06C-7D03BF425251}.Release|Any CPU.ActiveCfg = Release|Any CPU
		{6FCBFE3F-2433-4662-A06C-7D03BF425251}.Release|Any CPU.Build.0 = Release|Any CPU
		{8935CF11-1B16-45DC-A454-A0DA07C44E6D}.Debug|Any CPU.ActiveCfg = Debug|Any CPU
		{8935CF11-1B16-45DC-A454-A0DA07C44E6D}.Debug|Any CPU.Build.0 = Debug|Any CPU
		{8935CF11-1B16-45DC-A454-A0DA07C44E6D}.Release|Any CPU.ActiveCfg = Release|Any CPU
		{8935CF11-1B16-45DC-A454-A0DA07C44E6D}.Release|Any CPU.Build.0 = Release|Any CPU
		{7353C6E6-0955-4AFD-A403-12734A497868}.Debug|Any CPU.ActiveCfg = Debug|Any CPU
		{7353C6E6-0955-4AFD-A403-12734A497868}.Debug|Any CPU.Build.0 = Debug|Any CPU
		{7353C6E6-0955-4AFD-A403-12734A497868}.Release|Any CPU.ActiveCfg = Release|Any CPU
		{7353C6E6-0955-4AFD-A403-12734A497868}.Release|Any CPU.Build.0 = Release|Any CPU
		{F93EE982-304F-4B17-883B-393648D0CE64}.Debug|Any CPU.ActiveCfg = Debug|Any CPU
		{F93EE982-304F-4B17-883B-393648D0CE64}.Debug|Any CPU.Build.0 = Debug|Any CPU
		{F93EE982-304F-4B17-883B-393648D0CE64}.Release|Any CPU.ActiveCfg = Release|Any CPU
		{F93EE982-304F-4B17-883B-393648D0CE64}.Release|Any CPU.Build.0 = Release|Any CPU
		{C75532C4-765B-418E-B09B-46D36B2ABDB1}.Debug|Any CPU.ActiveCfg = Debug|Any CPU
		{C75532C4-765B-418E-B09B-46D36B2ABDB1}.Debug|Any CPU.Build.0 = Debug|Any CPU
		{C75532C4-765B-418E-B09B-46D36B2ABDB1}.Release|Any CPU.ActiveCfg = Release|Any CPU
		{C75532C4-765B-418E-B09B-46D36B2ABDB1}.Release|Any CPU.Build.0 = Release|Any CPU
		{40793A27-478B-4357-B4C3-FC8943131F3D}.Debug|Any CPU.ActiveCfg = Debug|Any CPU
		{40793A27-478B-4357-B4C3-FC8943131F3D}.Debug|Any CPU.Build.0 = Debug|Any CPU
		{40793A27-478B-4357-B4C3-FC8943131F3D}.Release|Any CPU.ActiveCfg = Release|Any CPU
		{40793A27-478B-4357-B4C3-FC8943131F3D}.Release|Any CPU.Build.0 = Release|Any CPU
		{007D4AC8-948F-4816-86AD-B9D1343672C1}.Debug|Any CPU.ActiveCfg = Debug|Any CPU
		{007D4AC8-948F-4816-86AD-B9D1343672C1}.Debug|Any CPU.Build.0 = Debug|Any CPU
		{007D4AC8-948F-4816-86AD-B9D1343672C1}.Release|Any CPU.ActiveCfg = Release|Any CPU
		{007D4AC8-948F-4816-86AD-B9D1343672C1}.Release|Any CPU.Build.0 = Release|Any CPU
	EndGlobalSection
	GlobalSection(SolutionProperties) = preSolution
		HideSolutionNode = FALSE
	EndGlobalSection
	GlobalSection(NestedProjects) = preSolution
		{E27BC19F-1D68-46CE-BB3B-4B5D42C08676} = {9EB6C453-D816-427F-9245-F4ACCC4C6367}
		{CAD60A6C-9C3E-4006-9B48-E299D6DF8B3C} = {56C3CFD9-6CD8-476B-A4F1-435354343183}
		{EE2480F8-5793-4BF2-A263-96AADC5ED2F5} = {9EB6C453-D816-427F-9245-F4ACCC4C6367}
		{6FCBFE3F-2433-4662-A06C-7D03BF425251} = {56C3CFD9-6CD8-476B-A4F1-435354343183}
		{8935CF11-1B16-45DC-A454-A0DA07C44E6D} = {8A3D6757-153A-4328-8388-EC0D53325D21}
		{7353C6E6-0955-4AFD-A403-12734A497868} = {01D99B80-9C9C-45AA-8D20-C9F2E8FA5AFE}
		{F93EE982-304F-4B17-883B-393648D0CE64} = {8A3D6757-153A-4328-8388-EC0D53325D21}
		{C75532C4-765B-418E-B09B-46D36B2ABDB1} = {3853A4DD-5B5C-4ACF-ADA5-6925F196AD2C}
		{40793A27-478B-4357-B4C3-FC8943131F3D} = {01D99B80-9C9C-45AA-8D20-C9F2E8FA5AFE}
		{007D4AC8-948F-4816-86AD-B9D1343672C1} = {3853A4DD-5B5C-4ACF-ADA5-6925F196AD2C}
		{3853A4DD-5B5C-4ACF-ADA5-6925F196AD2C} = {01D99B80-9C9C-45AA-8D20-C9F2E8FA5AFE}
	EndGlobalSection
	GlobalSection(ExtensibilityGlobals) = postSolution
		SolutionGuid = {AD5B07EE-8323-4547-ADFB-DAFA97639AA6}
	EndGlobalSection
EndGlobal
